
Microsoft Visual Studio Solution File, Format Version 12.00
# Visual Studio Version 17
VisualStudioVersion = 17.7.34221.43
MinimumVisualStudioVersion = 10.0.40219.1
Project("{FAE04EC0-301F-11D3-BF4B-00C04F79EFBC}") = "MiniPayment.API", "MiniPayment.API\MiniPayment.API.csproj", "{EB90D424-50B9-407F-B508-A6DF9F027775}"
EndProject
Project("{FAE04EC0-301F-11D3-BF4B-00C04F79EFBC}") = "MiniPayment.Appliaction", "MiniPayment.Appliaction\MiniPayment.Appliaction.csproj", "{C038780F-B399-43C6-8D1C-49006FA699A1}"
EndProject
Project("{FAE04EC0-301F-11D3-BF4B-00C04F79EFBC}") = "MiniPayment.Domain", "MiniPayment.Domain\MiniPayment.Domain.csproj", "{165F648B-1F20-44DA-8565-E1FBDD07EACF}"
EndProject
Project("{FAE04EC0-301F-11D3-BF4B-00C04F79EFBC}") = "MiniPayment.Infrastructure", "MiniPayment.Infrastructure\MiniPayment.Infrastructure.csproj", "{A625AC39-259F-4EF5-B612-97092540E455}"
EndProject
Global
	GlobalSection(SolutionConfigurationPlatforms) = preSolution
		Debug|Any CPU = Debug|Any CPU
		Release|Any CPU = Release|Any CPU
	EndGlobalSection
	GlobalSection(ProjectConfigurationPlatforms) = postSolution
		{EB90D424-50B9-407F-B508-A6DF9F027775}.Debug|Any CPU.ActiveCfg = Debug|Any CPU
		{EB90D424-50B9-407F-B508-A6DF9F027775}.Debug|Any CPU.Build.0 = Debug|Any CPU
		{EB90D424-50B9-407F-B508-A6DF9F027775}.Release|Any CPU.ActiveCfg = Release|Any CPU
		{EB90D424-50B9-407F-B508-A6DF9F027775}.Release|Any CPU.Build.0 = Release|Any CPU
		{C038780F-B399-43C6-8D1C-49006FA699A1}.Debug|Any CPU.ActiveCfg = Debug|Any CPU
		{C038780F-B399-43C6-8D1C-49006FA699A1}.Debug|Any CPU.Build.0 = Debug|Any CPU
		{C038780F-B399-43C6-8D1C-49006FA699A1}.Release|Any CPU.ActiveCfg = Release|Any CPU
		{C038780F-B399-43C6-8D1C-49006FA699A1}.Release|Any CPU.Build.0 = Release|Any CPU
		{165F648B-1F20-44DA-8565-E1FBDD07EACF}.Debug|Any CPU.ActiveCfg = Debug|Any CPU
		{165F648B-1F20-44DA-8565-E1FBDD07EACF}.Debug|Any CPU.Build.0 = Debug|Any CPU
		{165F648B-1F20-44DA-8565-E1FBDD07EACF}.Release|Any CPU.ActiveCfg = Release|Any CPU
		{165F648B-1F20-44DA-8565-E1FBDD07EACF}.Release|Any CPU.Build.0 = Release|Any CPU
		{A625AC39-259F-4EF5-B612-97092540E455}.Debug|Any CPU.ActiveCfg = Debug|Any CPU
		{A625AC39-259F-4EF5-B612-97092540E455}.Debug|Any CPU.Build.0 = Debug|Any CPU
		{A625AC39-259F-4EF5-B612-97092540E455}.Release|Any CPU.ActiveCfg = Release|Any CPU
		{A625AC39-259F-4EF5-B612-97092540E455}.Release|Any CPU.Build.0 = Release|Any CPU
	EndGlobalSection
	GlobalSection(SolutionProperties) = preSolution
		HideSolutionNode = FALSE
	EndGlobalSection
	GlobalSection(ExtensibilityGlobals) = postSolution
		SolutionGuid = {42398FE5-B7D2-4BDD-BD3C-8EE3620AFA15}
	EndGlobalSection
EndGlobal
